
Microsoft Visual Studio Solution File, Format Version 12.00
# Visual Studio Version 16
VisualStudioVersion = 16.0.30503.244
MinimumVisualStudioVersion = 10.0.40219.1
Project("{9A19103F-16F7-4668-BE54-9A1E7A4F7556}") = "NetCore380", "NetCore380\NetCore380.csproj", "{88B284B4-1738-484A-A99C-68106051FC35}"
EndProject
Project("{9A19103F-16F7-4668-BE54-9A1E7A4F7556}") = "實例29使用namespace關鍵字", "實例29使用namespace關鍵字\實例29使用namespace關鍵字.csproj", "{1D5152B9-CB61-4346-AE13-46259FD02F43}"
EndProject
Project("{9A19103F-16F7-4668-BE54-9A1E7A4F7556}") = "實例30巢狀結構命名空間", "實例30巢狀結構命名空間\實例30巢狀結構命名空間.csproj", "{BC59EC7B-7435-409F-B5A5-C0C1A5B587DC}"
EndProject
Project("{9A19103F-16F7-4668-BE54-9A1E7A4F7556}") = "實例31引用命名空間", "實例31引用命名空間\實例31引用命名空間.csproj", "{5FCDB321-9285-42EA-8342-F5508231806E}"
EndProject
Project("{9A19103F-16F7-4668-BE54-9A1E7A4F7556}") = "實例32在命名空間內部引用其他命名空間", "實例32在命名空間內部引用其他命名空間\實例32在命名空間內部引用其他命名空間.csproj", "{160E43A2-20E3-44B8-B563-2F5D7B4B2ADA}"
EndProject
Project("{9A19103F-16F7-4668-BE54-9A1E7A4F7556}") = "實例33使用全域命名空間", "實例33使用全域命名空間\實例33使用全域命名空間.csproj", "{AFC05922-72CC-4C21-A6B9-623AAEDCCFA4}"
EndProject
Project("{9A19103F-16F7-4668-BE54-9A1E7A4F7556}") = "實例34為引用的命名空間設定別名", "實例34為引用的命名空間設定別名\實例34為引用的命名空間設定別名.csproj", "{E3AB3697-86B1-45C4-A569-E32C36EDF596}"
EndProject
Project("{9A19103F-16F7-4668-BE54-9A1E7A4F7556}") = "實例35使用using static 指令", "實例35使用using static 指令\實例35使用using static 指令.csproj", "{ACF5ECD5-C143-4783-963D-480B0BE1298F}"
EndProject
Project("{9A19103F-16F7-4668-BE54-9A1E7A4F7556}") = "實例36一次性宣告多個變數", "實例36一次性宣告多個變數\實例36一次性宣告多個變數.csproj", "{399CA1DE-E2C7-4776-8DD0-950EA0C4BB22}"
EndProject
Project("{9A19103F-16F7-4668-BE54-9A1E7A4F7556}") = "實例37讓編譯器自動推斷變數的類型", "實例37讓編譯器自動推斷變數的類型\實例37讓編譯器自動推斷變數的類型.csproj", "{6C7CDD43-8424-4BF3-B856-EA9902427532}"
EndProject
Project("{9A19103F-16F7-4668-BE54-9A1E7A4F7556}") = "實例38使用常數", "實例38使用常數\實例38使用常數.csproj", "{E314680E-2648-436C-9C93-9AD92B4AA725}"
EndProject
Project("{9A19103F-16F7-4668-BE54-9A1E7A4F7556}") = "實例39取得變數的記憶體位址", "實例39取得變數的記憶體位址\實例39取得變數的記憶體位址.csproj", "{D4FFF092-4261-4202-B4A0-59B97248C139}"
EndProject
Project("{9A19103F-16F7-4668-BE54-9A1E7A4F7556}") = "實例40輸出變數的名稱", "實例40輸出變數的名稱\實例40輸出變數的名稱.csproj", "{AE3D9474-502A-49CC-8AC4-E573F8590F67}"
EndProject
Project("{9A19103F-16F7-4668-BE54-9A1E7A4F7556}") = "實例41為變數分配預設值", "實例41為變數分配預設值\實例41為變數分配預設值.csproj", "{45092195-5F48-49F5-9651-C70EC01F8EA8}"
EndProject
Project("{9A19103F-16F7-4668-BE54-9A1E7A4F7556}") = "實例42取得命令列參數", "實例42取得命令列參數\實例42取得命令列參數.csproj", "{F829BA5F-FC1D-41FB-9ED1-FA7AE73E193C}"
EndProject
Project("{9A19103F-16F7-4668-BE54-9A1E7A4F7556}") = "實例43處理多個進入點", "實例43處理多個進入點\實例43處理多個進入點.csproj", "{D25CA1F3-DE07-4224-8A71-488304B21C6A}"
EndProject
Project("{9A19103F-16F7-4668-BE54-9A1E7A4F7556}") = "實例23單行註釋", "實例23單行註釋\實例23單行註釋.csproj", "{8B11E6A3-67DA-4127-AFAF-9D866D3C6A31}"
EndProject
Project("{9A19103F-16F7-4668-BE54-9A1E7A4F7556}") = "實例24多行註釋", "實例24多行註釋\實例24多行註釋.csproj", "{B5643DAA-378F-454B-A2AE-3E3CD5DBB6AC}"
EndProject
Project("{9A19103F-16F7-4668-BE54-9A1E7A4F7556}") = "實例25文件註釋", "實例25文件註釋\實例25文件註釋.csproj", "{6374BE19-59FF-4F85-A06A-5E87A2C64021}"
EndProject
Project("{9A19103F-16F7-4668-BE54-9A1E7A4F7556}") = "實例44奇數還是偶數", "實例44奇數還是偶數\實例44奇數還是偶數.csproj", "{67CAAD09-4F21-402D-B854-4112C14C9639}"
EndProject
Project("{9A19103F-16F7-4668-BE54-9A1E7A4F7556}") = "實例45使用for循環輸出文字", "實例45使用for循環輸出文字\實例45使用for循環輸出文字.csproj", "{11922B3E-2D39-4F2F-B376-6E49D68C43D4}"
EndProject
Project("{9A19103F-16F7-4668-BE54-9A1E7A4F7556}") = "實例46產生由字元組成的圖案", "實例46產生由字元組成的圖案\實例46產生由字元組成的圖案.csproj", "{B21934CF-DCBE-4F04-B8C4-7695F68D1CEC}"
EndProject
Project("{9A19103F-16F7-4668-BE54-9A1E7A4F7556}") = "實例47無窮迴圈的處理方法", "實例47無窮迴圈的處理方法\實例47無窮迴圈的處理方法.csproj", "{1AC21430-268D-420C-BB01-32CF0A3B9553}"
EndProject
Project("{9A19103F-16F7-4668-BE54-9A1E7A4F7556}") = "實例48退出循環的方法", "實例48退出循環的方法\實例48退出循環的方法.csproj", "{9F061883-ED24-4A7D-8A2F-7C55B9AE2F83}"
EndProject
Project("{9A19103F-16F7-4668-BE54-9A1E7A4F7556}") = "實例49輸出20 以內能被3 整除的正整數", "實例49輸出20 以內能被3 整除的正整數\實例49輸出20 以內能被3 整除的正整數.csproj", "{3B1BD2BE-AC46-4DDA-BDF7-E397A940EEAF}"
EndProject
Project("{9A19103F-16F7-4668-BE54-9A1E7A4F7556}") = "實例50 做一道選擇題", "實例50 做一道選擇題\實例50 做一道選擇題.csproj", "{960C9318-5910-4467-92ED-39F42A0D4E44}"
EndProject
Project("{9A19103F-16F7-4668-BE54-9A1E7A4F7556}") = "實例51 switch 敘述的類型比對", "實例51 switch 敘述的類型比對\實例51 switch 敘述的類型比對.csproj", "{6227581F-6049-4F50-A5D8-939C9941A80A}"
EndProject
Project("{9A19103F-16F7-4668-BE54-9A1E7A4F7556}") = "實例52 在case敘述中使用when子句", "實例52 在case敘述中使用when子句\實例52 在case敘述中使用when子句.csproj", "{888DB00C-1DA3-4782-9A0D-FA08D56BAD50}"
EndProject
Project("{9A19103F-16F7-4668-BE54-9A1E7A4F7556}") = "實例53 程式跳躍", "實例53 程式跳躍\實例53 程式跳躍.csproj", "{30932F2A-FC47-4E48-B378-B6AD7E21C48F}"
EndProject
Project("{9A19103F-16F7-4668-BE54-9A1E7A4F7556}") = "實例54 宣告公共類別", "實例54 宣告公共類別\實例54 宣告公共類別.csproj", "{B65E65DB-8302-45A5-B7A7-87BD2EAEAC07}"
EndProject
Project("{9A19103F-16F7-4668-BE54-9A1E7A4F7556}") = "實例54 宣告公共類別測試internal", "實例54 宣告公共類別測試internal\實例54 宣告公共類別測試internal.csproj", "{8144419C-1EBD-4575-9DA9-29CC6E9058E5}"
EndProject
Project("{9A19103F-16F7-4668-BE54-9A1E7A4F7556}") = "實例55 為結構定義建置函數", "實例55 為結構定義建置函數\實例55 為結構定義建置函數.csproj", "{AFA9466F-A473-4125-A337-E4EE7A49EE37}"
EndProject
Project("{9A19103F-16F7-4668-BE54-9A1E7A4F7556}") = "實例56 建置函數的相互呼叫", "實例56 建置函數的相互呼叫\實例56 建置函數的相互呼叫.csproj", "{59D316C5-2218-4E56-A944-C2D783A14389}"
EndProject
Project("{9A19103F-16F7-4668-BE54-9A1E7A4F7556}") = "實例57 靜態建置函數", "實例57 靜態建置函數\實例57 靜態建置函數.csproj", "{0AC2705A-5ADF-4E4A-9297-F7C53209A132}"
EndProject
Project("{9A19103F-16F7-4668-BE54-9A1E7A4F7556}") = "實例58 驗證屬性值的有效性", "實例58 驗證屬性值的有效性\實例58 驗證屬性值的有效性.csproj", "{A053CE79-D437-4184-8617-3A2993067AB2}"
EndProject
Project("{9A19103F-16F7-4668-BE54-9A1E7A4F7556}") = "實例59 初始化唯讀欄位", "實例59 初始化唯讀欄位\實例59 初始化唯讀欄位.csproj", "{A6DBA2C1-09E8-4878-8F2D-F4F6CC96E86A}"
EndProject
Project("{9A19103F-16F7-4668-BE54-9A1E7A4F7556}") = "實例60 多載方法", "實例60 多載方法\實例60 多載方法.csproj", "{3FEF1958-0793-43E7-AC53-1C4E051B0486}"
EndProject
Project("{9A19103F-16F7-4668-BE54-9A1E7A4F7556}") = "實例61 大類實例傳遞給方法後為什麼沒有被更改", "實例61 大類實例傳遞給方法後為什麼沒有被更改\實例61 大類實例傳遞給方法後為什麼沒有被更改.csproj", "{E1C8CD39-EA8A-4479-BDED-5537056472E8}"
EndProject
Project("{9A19103F-16F7-4668-BE54-9A1E7A4F7556}") = "實例62 輸出參數", "實例62 輸出參數\實例62 輸出參數.csproj", "{A3942859-E546-49EF-8D8B-7666A0FF258A}"
EndProject
Project("{9A19103F-16F7-4668-BE54-9A1E7A4F7556}") = "實例63 可變個數的方法參數", "實例63 可變個數的方法參數\實例63 可變個數的方法參數.csproj", "{8A04F627-2967-4BBE-8B0D-18362C98DE4A}"
EndProject
Project("{9A19103F-16F7-4668-BE54-9A1E7A4F7556}") = "實例64 使用按參考傳遞的傳回值", "實例64 使用按參考傳遞的傳回值\實例64 使用按參考傳遞的傳回值.csproj", "{B896C4B3-8501-4ED8-9FB9-DFE14E53F229}"
EndProject
Project("{9A19103F-16F7-4668-BE54-9A1E7A4F7556}") = "實例65 按參數名稱來傳值", "實例65 按參數名稱來傳值\實例65 按參數名稱來傳值.csproj", "{46A0D413-EBF5-4E4A-A272-611F746E7FF1}"
EndProject
Project("{9A19103F-16F7-4668-BE54-9A1E7A4F7556}") = "實例66 可選參數", "實例66 可選參數\實例66 可選參數.csproj", "{05CB7F42-E1FA-4DDF-AAB5-E2E24AE9DB44}"
EndProject
Project("{9A19103F-16F7-4668-BE54-9A1E7A4F7556}") = "實例67 在宣告時初始化屬性", "實例67 在宣告時初始化屬性\實例67 在宣告時初始化屬性.csproj", "{E3CF638B-552D-4617-9A03-EBF915DA8274}"
EndProject
Project("{9A19103F-16F7-4668-BE54-9A1E7A4F7556}") = "實例68 委派實例如何綁定方法", "實例68 委派實例如何綁定方法\實例68 委派實例如何綁定方法.csproj", "{21A9110A-EDC7-4508-9BC8-FE7B9360F500}"
EndProject
Project("{9A19103F-16F7-4668-BE54-9A1E7A4F7556}") = "實例69 綁定多個方法", "實例69 綁定多個方法\實例69 綁定多個方法.csproj", "{373D5954-11B4-4CAF-831B-891C008F93C8}"
EndProject
Project("{9A19103F-16F7-4668-BE54-9A1E7A4F7556}") = "實例70 匿名方法", "實例70 匿名方法\實例70 匿名方法.csproj", "{1ABE0636-8894-4D08-B5B1-AF4944098B11}"
EndProject
Project("{9A19103F-16F7-4668-BE54-9A1E7A4F7556}") = "實例71 封裝事件", "實例71 封裝事件\實例71 封裝事件.csproj", "{DCF44089-3609-40E2-8B7C-DC6A3FE835A1}"
EndProject
Project("{9A19103F-16F7-4668-BE54-9A1E7A4F7556}") = "實例72 架構提供的委派類型", "實例72 架構提供的委派類型\實例72 架構提供的委派類型.csproj", "{BB15EF7C-EF5B-4907-A131-FBDD8DE95FD2}"
EndProject
Project("{9A19103F-16F7-4668-BE54-9A1E7A4F7556}") = "實例73 將方法作為參數進行傳遞", "實例73 將方法作為參數進行傳遞\實例73 將方法作為參數進行傳遞.csproj", "{7299E92C-36DA-4577-8421-8BFB70E433C6}"
EndProject
Project("{9A19103F-16F7-4668-BE54-9A1E7A4F7556}") = "實例74 使用Lambda 運算式動態產生資料", "實例74 使用Lambda 運算式動態產生資料\實例74 使用Lambda 運算式動態產生資料.csproj", "{9E799F80-704C-4C00-9E21-B0D0B3EC790A}"
EndProject
Project("{9A19103F-16F7-4668-BE54-9A1E7A4F7556}") = "實例75 呼叫基礎類別的建置函數", "實例75 呼叫基礎類別的建置函數\實例75 呼叫基礎類別的建置函數.csproj", "{3905F569-9DB7-4E9D-9B77-2189CAC12BAA}"
EndProject
Project("{9A19103F-16F7-4668-BE54-9A1E7A4F7556}") = "實例76 重新定義基礎類別的成員", "實例76 重新定義基礎類別的成員\實例76 重新定義基礎類別的成員.csproj", "{F17CD436-C94C-4CE4-8A33-766762ECD330}"
EndProject
Project("{9A19103F-16F7-4668-BE54-9A1E7A4F7556}") = "實例77 徹底取代基礎類別的成員", "實例77 徹底取代基礎類別的成員\實例77 徹底取代基礎類別的成員.csproj", "{2BCC1CB3-8E94-4A22-BCE8-D4CF115B9A58}"
EndProject
Project("{9A19103F-16F7-4668-BE54-9A1E7A4F7556}") = "實例78 實現多個介面", "實例78 實現多個介面\實例78 實現多個介面.csproj", "{9ED2BD1C-426C-49DB-8EDC-8BAC66C66B93}"
EndProject
Project("{9A19103F-16F7-4668-BE54-9A1E7A4F7556}") = "實例79 實現介面的結構", "實例79 實現介面的結構\實例79 實現介面的結構.csproj", "{4DB86789-7612-4278-8061-D3C80BDAD13C}"
EndProject
Project("{9A19103F-16F7-4668-BE54-9A1E7A4F7556}") = "實例80 隱藏建置函數", "實例80 隱藏建置函數\實例80 隱藏建置函數.csproj", "{D2E7A866-645D-4AB1-A269-42F8A5DCBBC0}"
EndProject
Project("{9A19103F-16F7-4668-BE54-9A1E7A4F7556}") = "實例81 到底呼叫了誰", "實例81 到底呼叫了誰\實例81 到底呼叫了誰.csproj", "{F09F73A8-3F15-4537-BCE0-17F2D7F46C81}"
EndProject
Project("{9A19103F-16F7-4668-BE54-9A1E7A4F7556}") = "實例82 解構函數", "實例82 解構函數\實例82 解構函數.csproj", "{4D818F9A-5770-4165-8F80-E07E602BDA5B}"
EndProject
Project("{9A19103F-16F7-4668-BE54-9A1E7A4F7556}") = "實例83 實現IDisposable 介面", "實例83 實現IDisposable 介面\實例83 實現IDisposable 介面.csproj", "{661E9849-5181-4089-82A9-2627A2048E28}"
EndProject
Project("{9A19103F-16F7-4668-BE54-9A1E7A4F7556}") = "實例84 顯性實現介面", "實例84 顯性實現介面\實例84 顯性實現介面.csproj", "{2DEAD549-7F00-4699-B613-9AAA6E5F083C}"
EndProject
Project("{9A19103F-16F7-4668-BE54-9A1E7A4F7556}") = "實例85 阻止類別被繼承", "實例85 阻止類別被繼承\實例85 阻止類別被繼承.csproj", "{50824192-FC8B-4773-8844-B957CF9D6800}"
EndProject
Project("{9A19103F-16F7-4668-BE54-9A1E7A4F7556}") = "實例86 巢狀結構類別", "實例86 巢狀結構類別\實例86 巢狀結構類別.csproj", "{79CE4D14-4021-42F8-BD94-20102A54A13D}"
EndProject
Project("{9A19103F-16F7-4668-BE54-9A1E7A4F7556}") = "實例87 匿名類型", "實例87 匿名類型\實例87 匿名類型.csproj", "{15A945BA-A1BE-40EB-BF8C-AF1580246330}"
EndProject
Project("{9A19103F-16F7-4668-BE54-9A1E7A4F7556}") = "實例88 宣告列舉類型", "實例88 宣告列舉類型\實例88 宣告列舉類型.csproj", "{491A7286-ACE7-4471-AA45-9E3149A8598A}"
EndProject
Project("{9A19103F-16F7-4668-BE54-9A1E7A4F7556}") = "實例89 指定列舉的基礎類型", "實例89 指定列舉的基礎類型\實例89 指定列舉的基礎類型.csproj", "{B1DBA37E-5DC2-489C-87A7-4980D789B66E}"
EndProject
Project("{9A19103F-16F7-4668-BE54-9A1E7A4F7556}") = "實例90 常數的標示位運算", "實例90 常數的標示位運算\實例90 常數的標示位運算.csproj", "{CF5C6CBD-6835-4BA5-BB2B-109C8D6471FF}"
EndProject
Project("{9A19103F-16F7-4668-BE54-9A1E7A4F7556}") = "實例91 自動產生的常數值", "實例91 自動產生的常數值\實例91 自動產生的常數值.csproj", "{6CF2D4D0-2C0C-42E3-BC42-1D7DB9E12F87}"
EndProject
Project("{9A19103F-16F7-4668-BE54-9A1E7A4F7556}") = "實例92 取得列舉中常數的名稱", "實例92 取得列舉中常數的名稱\實例92 取得列舉中常數的名稱.csproj", "{9F79C78A-3634-47DE-A32B-E880A4CA3117}"
EndProject
Project("{9A19103F-16F7-4668-BE54-9A1E7A4F7556}") = "實例93 檢查列舉實例中是否包含某個標示位", "實例93 檢查列舉實例中是否包含某個標示位\實例93 檢查列舉實例中是否包含某個標示位.csproj", "{E3CF9ABA-D14A-4415-957E-EBC9015480DF}"
EndProject
Project("{FAE04EC0-301F-11D3-BF4B-00C04F79EFBC}") = "實例94 自訂特性類別", "實例94 自訂特性類別\實例94 自訂特性類別.csproj", "{13CA2364-917A-4B6E-8B15-8E378E0C3031}"
EndProject
Project("{FAE04EC0-301F-11D3-BF4B-00C04F79EFBC}") = "實例95 向特性類別的建置函數傳遞參數", "實例95 向特性類別的建置函數傳遞參數\實例95 向特性類別的建置函數傳遞參數.csproj", "{2FC2F0D6-90DA-46CB-A546-28F683096AE1}"
EndProject
Project("{FAE04EC0-301F-11D3-BF4B-00C04F79EFBC}") = "實例96 在同一物件上應用多個特性實例", "實例96 在同一物件上應用多個特性實例\實例96 在同一物件上應用多個特性實例.csproj", "{F0A9026B-8A2D-41F6-803F-2E6DBACC364C}"
EndProject
Project("{FAE04EC0-301F-11D3-BF4B-00C04F79EFBC}") = "實例97 在執行時檢索特性實例", "實例97 在執行時檢索特性實例\實例97 在執行時檢索特性實例.csproj", "{33BC735E-6607-4BF0-A5CD-1E3984BC7FEA}"
EndProject
Project("{FAE04EC0-301F-11D3-BF4B-00C04F79EFBC}") = "實例98 方法的傳回值如何應用特性", "實例98 方法的傳回值如何應用特性\實例98 方法的傳回值如何應用特性.csproj", "{34E42A98-3088-4AA4-94DE-B6E215F89DFF}"
EndProject
Global
	GlobalSection(SolutionConfigurationPlatforms) = preSolution
		Debug|Any CPU = Debug|Any CPU
		Release|Any CPU = Release|Any CPU
	EndGlobalSection
	GlobalSection(ProjectConfigurationPlatforms) = postSolution
		{88B284B4-1738-484A-A99C-68106051FC35}.Debug|Any CPU.ActiveCfg = Debug|Any CPU
		{88B284B4-1738-484A-A99C-68106051FC35}.Debug|Any CPU.Build.0 = Debug|Any CPU
		{88B284B4-1738-484A-A99C-68106051FC35}.Release|Any CPU.ActiveCfg = Release|Any CPU
		{88B284B4-1738-484A-A99C-68106051FC35}.Release|Any CPU.Build.0 = Release|Any CPU
		{1D5152B9-CB61-4346-AE13-46259FD02F43}.Debug|Any CPU.ActiveCfg = Debug|Any CPU
		{1D5152B9-CB61-4346-AE13-46259FD02F43}.Debug|Any CPU.Build.0 = Debug|Any CPU
		{1D5152B9-CB61-4346-AE13-46259FD02F43}.Release|Any CPU.ActiveCfg = Release|Any CPU
		{1D5152B9-CB61-4346-AE13-46259FD02F43}.Release|Any CPU.Build.0 = Release|Any CPU
		{BC59EC7B-7435-409F-B5A5-C0C1A5B587DC}.Debug|Any CPU.ActiveCfg = Debug|Any CPU
		{BC59EC7B-7435-409F-B5A5-C0C1A5B587DC}.Debug|Any CPU.Build.0 = Debug|Any CPU
		{BC59EC7B-7435-409F-B5A5-C0C1A5B587DC}.Release|Any CPU.ActiveCfg = Release|Any CPU
		{BC59EC7B-7435-409F-B5A5-C0C1A5B587DC}.Release|Any CPU.Build.0 = Release|Any CPU
		{5FCDB321-9285-42EA-8342-F5508231806E}.Debug|Any CPU.ActiveCfg = Debug|Any CPU
		{5FCDB321-9285-42EA-8342-F5508231806E}.Debug|Any CPU.Build.0 = Debug|Any CPU
		{5FCDB321-9285-42EA-8342-F5508231806E}.Release|Any CPU.ActiveCfg = Release|Any CPU
		{5FCDB321-9285-42EA-8342-F5508231806E}.Release|Any CPU.Build.0 = Release|Any CPU
		{160E43A2-20E3-44B8-B563-2F5D7B4B2ADA}.Debug|Any CPU.ActiveCfg = Debug|Any CPU
		{160E43A2-20E3-44B8-B563-2F5D7B4B2ADA}.Debug|Any CPU.Build.0 = Debug|Any CPU
		{160E43A2-20E3-44B8-B563-2F5D7B4B2ADA}.Release|Any CPU.ActiveCfg = Release|Any CPU
		{160E43A2-20E3-44B8-B563-2F5D7B4B2ADA}.Release|Any CPU.Build.0 = Release|Any CPU
		{AFC05922-72CC-4C21-A6B9-623AAEDCCFA4}.Debug|Any CPU.ActiveCfg = Debug|Any CPU
		{AFC05922-72CC-4C21-A6B9-623AAEDCCFA4}.Debug|Any CPU.Build.0 = Debug|Any CPU
		{AFC05922-72CC-4C21-A6B9-623AAEDCCFA4}.Release|Any CPU.ActiveCfg = Release|Any CPU
		{AFC05922-72CC-4C21-A6B9-623AAEDCCFA4}.Release|Any CPU.Build.0 = Release|Any CPU
		{E3AB3697-86B1-45C4-A569-E32C36EDF596}.Debug|Any CPU.ActiveCfg = Debug|Any CPU
		{E3AB3697-86B1-45C4-A569-E32C36EDF596}.Debug|Any CPU.Build.0 = Debug|Any CPU
		{E3AB3697-86B1-45C4-A569-E32C36EDF596}.Release|Any CPU.ActiveCfg = Release|Any CPU
		{E3AB3697-86B1-45C4-A569-E32C36EDF596}.Release|Any CPU.Build.0 = Release|Any CPU
		{ACF5ECD5-C143-4783-963D-480B0BE1298F}.Debug|Any CPU.ActiveCfg = Debug|Any CPU
		{ACF5ECD5-C143-4783-963D-480B0BE1298F}.Debug|Any CPU.Build.0 = Debug|Any CPU
		{ACF5ECD5-C143-4783-963D-480B0BE1298F}.Release|Any CPU.ActiveCfg = Release|Any CPU
		{ACF5ECD5-C143-4783-963D-480B0BE1298F}.Release|Any CPU.Build.0 = Release|Any CPU
		{399CA1DE-E2C7-4776-8DD0-950EA0C4BB22}.Debug|Any CPU.ActiveCfg = Debug|Any CPU
		{399CA1DE-E2C7-4776-8DD0-950EA0C4BB22}.Debug|Any CPU.Build.0 = Debug|Any CPU
		{399CA1DE-E2C7-4776-8DD0-950EA0C4BB22}.Release|Any CPU.ActiveCfg = Release|Any CPU
		{399CA1DE-E2C7-4776-8DD0-950EA0C4BB22}.Release|Any CPU.Build.0 = Release|Any CPU
		{6C7CDD43-8424-4BF3-B856-EA9902427532}.Debug|Any CPU.ActiveCfg = Debug|Any CPU
		{6C7CDD43-8424-4BF3-B856-EA9902427532}.Debug|Any CPU.Build.0 = Debug|Any CPU
		{6C7CDD43-8424-4BF3-B856-EA9902427532}.Release|Any CPU.ActiveCfg = Release|Any CPU
		{6C7CDD43-8424-4BF3-B856-EA9902427532}.Release|Any CPU.Build.0 = Release|Any CPU
		{E314680E-2648-436C-9C93-9AD92B4AA725}.Debug|Any CPU.ActiveCfg = Debug|Any CPU
		{E314680E-2648-436C-9C93-9AD92B4AA725}.Debug|Any CPU.Build.0 = Debug|Any CPU
		{E314680E-2648-436C-9C93-9AD92B4AA725}.Release|Any CPU.ActiveCfg = Release|Any CPU
		{E314680E-2648-436C-9C93-9AD92B4AA725}.Release|Any CPU.Build.0 = Release|Any CPU
		{D4FFF092-4261-4202-B4A0-59B97248C139}.Debug|Any CPU.ActiveCfg = Debug|Any CPU
		{D4FFF092-4261-4202-B4A0-59B97248C139}.Debug|Any CPU.Build.0 = Debug|Any CPU
		{D4FFF092-4261-4202-B4A0-59B97248C139}.Release|Any CPU.ActiveCfg = Release|Any CPU
		{D4FFF092-4261-4202-B4A0-59B97248C139}.Release|Any CPU.Build.0 = Release|Any CPU
		{AE3D9474-502A-49CC-8AC4-E573F8590F67}.Debug|Any CPU.ActiveCfg = Debug|Any CPU
		{AE3D9474-502A-49CC-8AC4-E573F8590F67}.Debug|Any CPU.Build.0 = Debug|Any CPU
		{AE3D9474-502A-49CC-8AC4-E573F8590F67}.Release|Any CPU.ActiveCfg = Release|Any CPU
		{AE3D9474-502A-49CC-8AC4-E573F8590F67}.Release|Any CPU.Build.0 = Release|Any CPU
		{45092195-5F48-49F5-9651-C70EC01F8EA8}.Debug|Any CPU.ActiveCfg = Debug|Any CPU
		{45092195-5F48-49F5-9651-C70EC01F8EA8}.Debug|Any CPU.Build.0 = Debug|Any CPU
		{45092195-5F48-49F5-9651-C70EC01F8EA8}.Release|Any CPU.ActiveCfg = Release|Any CPU
		{45092195-5F48-49F5-9651-C70EC01F8EA8}.Release|Any CPU.Build.0 = Release|Any CPU
		{F829BA5F-FC1D-41FB-9ED1-FA7AE73E193C}.Debug|Any CPU.ActiveCfg = Debug|Any CPU
		{F829BA5F-FC1D-41FB-9ED1-FA7AE73E193C}.Debug|Any CPU.Build.0 = Debug|Any CPU
		{F829BA5F-FC1D-41FB-9ED1-FA7AE73E193C}.Release|Any CPU.ActiveCfg = Release|Any CPU
		{F829BA5F-FC1D-41FB-9ED1-FA7AE73E193C}.Release|Any CPU.Build.0 = Release|Any CPU
		{D25CA1F3-DE07-4224-8A71-488304B21C6A}.Debug|Any CPU.ActiveCfg = Debug|Any CPU
		{D25CA1F3-DE07-4224-8A71-488304B21C6A}.Debug|Any CPU.Build.0 = Debug|Any CPU
		{D25CA1F3-DE07-4224-8A71-488304B21C6A}.Release|Any CPU.ActiveCfg = Release|Any CPU
		{D25CA1F3-DE07-4224-8A71-488304B21C6A}.Release|Any CPU.Build.0 = Release|Any CPU
		{8B11E6A3-67DA-4127-AFAF-9D866D3C6A31}.Debug|Any CPU.ActiveCfg = Debug|Any CPU
		{8B11E6A3-67DA-4127-AFAF-9D866D3C6A31}.Debug|Any CPU.Build.0 = Debug|Any CPU
		{8B11E6A3-67DA-4127-AFAF-9D866D3C6A31}.Release|Any CPU.ActiveCfg = Release|Any CPU
		{8B11E6A3-67DA-4127-AFAF-9D866D3C6A31}.Release|Any CPU.Build.0 = Release|Any CPU
		{B5643DAA-378F-454B-A2AE-3E3CD5DBB6AC}.Debug|Any CPU.ActiveCfg = Debug|Any CPU
		{B5643DAA-378F-454B-A2AE-3E3CD5DBB6AC}.Debug|Any CPU.Build.0 = Debug|Any CPU
		{B5643DAA-378F-454B-A2AE-3E3CD5DBB6AC}.Release|Any CPU.ActiveCfg = Release|Any CPU
		{B5643DAA-378F-454B-A2AE-3E3CD5DBB6AC}.Release|Any CPU.Build.0 = Release|Any CPU
		{6374BE19-59FF-4F85-A06A-5E87A2C64021}.Debug|Any CPU.ActiveCfg = Debug|Any CPU
		{6374BE19-59FF-4F85-A06A-5E87A2C64021}.Debug|Any CPU.Build.0 = Debug|Any CPU
		{6374BE19-59FF-4F85-A06A-5E87A2C64021}.Release|Any CPU.ActiveCfg = Release|Any CPU
		{6374BE19-59FF-4F85-A06A-5E87A2C64021}.Release|Any CPU.Build.0 = Release|Any CPU
		{67CAAD09-4F21-402D-B854-4112C14C9639}.Debug|Any CPU.ActiveCfg = Debug|Any CPU
		{67CAAD09-4F21-402D-B854-4112C14C9639}.Debug|Any CPU.Build.0 = Debug|Any CPU
		{67CAAD09-4F21-402D-B854-4112C14C9639}.Release|Any CPU.ActiveCfg = Release|Any CPU
		{67CAAD09-4F21-402D-B854-4112C14C9639}.Release|Any CPU.Build.0 = Release|Any CPU
		{11922B3E-2D39-4F2F-B376-6E49D68C43D4}.Debug|Any CPU.ActiveCfg = Debug|Any CPU
		{11922B3E-2D39-4F2F-B376-6E49D68C43D4}.Debug|Any CPU.Build.0 = Debug|Any CPU
		{11922B3E-2D39-4F2F-B376-6E49D68C43D4}.Release|Any CPU.ActiveCfg = Release|Any CPU
		{11922B3E-2D39-4F2F-B376-6E49D68C43D4}.Release|Any CPU.Build.0 = Release|Any CPU
		{B21934CF-DCBE-4F04-B8C4-7695F68D1CEC}.Debug|Any CPU.ActiveCfg = Debug|Any CPU
		{B21934CF-DCBE-4F04-B8C4-7695F68D1CEC}.Debug|Any CPU.Build.0 = Debug|Any CPU
		{B21934CF-DCBE-4F04-B8C4-7695F68D1CEC}.Release|Any CPU.ActiveCfg = Release|Any CPU
		{B21934CF-DCBE-4F04-B8C4-7695F68D1CEC}.Release|Any CPU.Build.0 = Release|Any CPU
		{1AC21430-268D-420C-BB01-32CF0A3B9553}.Debug|Any CPU.ActiveCfg = Debug|Any CPU
		{1AC21430-268D-420C-BB01-32CF0A3B9553}.Debug|Any CPU.Build.0 = Debug|Any CPU
		{1AC21430-268D-420C-BB01-32CF0A3B9553}.Release|Any CPU.ActiveCfg = Release|Any CPU
		{1AC21430-268D-420C-BB01-32CF0A3B9553}.Release|Any CPU.Build.0 = Release|Any CPU
		{9F061883-ED24-4A7D-8A2F-7C55B9AE2F83}.Debug|Any CPU.ActiveCfg = Debug|Any CPU
		{9F061883-ED24-4A7D-8A2F-7C55B9AE2F83}.Debug|Any CPU.Build.0 = Debug|Any CPU
		{9F061883-ED24-4A7D-8A2F-7C55B9AE2F83}.Release|Any CPU.ActiveCfg = Release|Any CPU
		{9F061883-ED24-4A7D-8A2F-7C55B9AE2F83}.Release|Any CPU.Build.0 = Release|Any CPU
		{3B1BD2BE-AC46-4DDA-BDF7-E397A940EEAF}.Debug|Any CPU.ActiveCfg = Debug|Any CPU
		{3B1BD2BE-AC46-4DDA-BDF7-E397A940EEAF}.Debug|Any CPU.Build.0 = Debug|Any CPU
		{3B1BD2BE-AC46-4DDA-BDF7-E397A940EEAF}.Release|Any CPU.ActiveCfg = Release|Any CPU
		{3B1BD2BE-AC46-4DDA-BDF7-E397A940EEAF}.Release|Any CPU.Build.0 = Release|Any CPU
		{960C9318-5910-4467-92ED-39F42A0D4E44}.Debug|Any CPU.ActiveCfg = Debug|Any CPU
		{960C9318-5910-4467-92ED-39F42A0D4E44}.Debug|Any CPU.Build.0 = Debug|Any CPU
		{960C9318-5910-4467-92ED-39F42A0D4E44}.Release|Any CPU.ActiveCfg = Release|Any CPU
		{960C9318-5910-4467-92ED-39F42A0D4E44}.Release|Any CPU.Build.0 = Release|Any CPU
		{6227581F-6049-4F50-A5D8-939C9941A80A}.Debug|Any CPU.ActiveCfg = Debug|Any CPU
		{6227581F-6049-4F50-A5D8-939C9941A80A}.Debug|Any CPU.Build.0 = Debug|Any CPU
		{6227581F-6049-4F50-A5D8-939C9941A80A}.Release|Any CPU.ActiveCfg = Release|Any CPU
		{6227581F-6049-4F50-A5D8-939C9941A80A}.Release|Any CPU.Build.0 = Release|Any CPU
		{888DB00C-1DA3-4782-9A0D-FA08D56BAD50}.Debug|Any CPU.ActiveCfg = Debug|Any CPU
		{888DB00C-1DA3-4782-9A0D-FA08D56BAD50}.Debug|Any CPU.Build.0 = Debug|Any CPU
		{888DB00C-1DA3-4782-9A0D-FA08D56BAD50}.Release|Any CPU.ActiveCfg = Release|Any CPU
		{888DB00C-1DA3-4782-9A0D-FA08D56BAD50}.Release|Any CPU.Build.0 = Release|Any CPU
		{30932F2A-FC47-4E48-B378-B6AD7E21C48F}.Debug|Any CPU.ActiveCfg = Debug|Any CPU
		{30932F2A-FC47-4E48-B378-B6AD7E21C48F}.Debug|Any CPU.Build.0 = Debug|Any CPU
		{30932F2A-FC47-4E48-B378-B6AD7E21C48F}.Release|Any CPU.ActiveCfg = Release|Any CPU
		{30932F2A-FC47-4E48-B378-B6AD7E21C48F}.Release|Any CPU.Build.0 = Release|Any CPU
		{B65E65DB-8302-45A5-B7A7-87BD2EAEAC07}.Debug|Any CPU.ActiveCfg = Debug|Any CPU
		{B65E65DB-8302-45A5-B7A7-87BD2EAEAC07}.Debug|Any CPU.Build.0 = Debug|Any CPU
		{B65E65DB-8302-45A5-B7A7-87BD2EAEAC07}.Release|Any CPU.ActiveCfg = Release|Any CPU
		{B65E65DB-8302-45A5-B7A7-87BD2EAEAC07}.Release|Any CPU.Build.0 = Release|Any CPU
		{8144419C-1EBD-4575-9DA9-29CC6E9058E5}.Debug|Any CPU.ActiveCfg = Debug|Any CPU
		{8144419C-1EBD-4575-9DA9-29CC6E9058E5}.Debug|Any CPU.Build.0 = Debug|Any CPU
		{8144419C-1EBD-4575-9DA9-29CC6E9058E5}.Release|Any CPU.ActiveCfg = Release|Any CPU
		{8144419C-1EBD-4575-9DA9-29CC6E9058E5}.Release|Any CPU.Build.0 = Release|Any CPU
		{AFA9466F-A473-4125-A337-E4EE7A49EE37}.Debug|Any CPU.ActiveCfg = Debug|Any CPU
		{AFA9466F-A473-4125-A337-E4EE7A49EE37}.Debug|Any CPU.Build.0 = Debug|Any CPU
		{AFA9466F-A473-4125-A337-E4EE7A49EE37}.Release|Any CPU.ActiveCfg = Release|Any CPU
		{AFA9466F-A473-4125-A337-E4EE7A49EE37}.Release|Any CPU.Build.0 = Release|Any CPU
		{59D316C5-2218-4E56-A944-C2D783A14389}.Debug|Any CPU.ActiveCfg = Debug|Any CPU
		{59D316C5-2218-4E56-A944-C2D783A14389}.Debug|Any CPU.Build.0 = Debug|Any CPU
		{59D316C5-2218-4E56-A944-C2D783A14389}.Release|Any CPU.ActiveCfg = Release|Any CPU
		{59D316C5-2218-4E56-A944-C2D783A14389}.Release|Any CPU.Build.0 = Release|Any CPU
		{0AC2705A-5ADF-4E4A-9297-F7C53209A132}.Debug|Any CPU.ActiveCfg = Debug|Any CPU
		{0AC2705A-5ADF-4E4A-9297-F7C53209A132}.Debug|Any CPU.Build.0 = Debug|Any CPU
		{0AC2705A-5ADF-4E4A-9297-F7C53209A132}.Release|Any CPU.ActiveCfg = Release|Any CPU
		{0AC2705A-5ADF-4E4A-9297-F7C53209A132}.Release|Any CPU.Build.0 = Release|Any CPU
		{A053CE79-D437-4184-8617-3A2993067AB2}.Debug|Any CPU.ActiveCfg = Debug|Any CPU
		{A053CE79-D437-4184-8617-3A2993067AB2}.Debug|Any CPU.Build.0 = Debug|Any CPU
		{A053CE79-D437-4184-8617-3A2993067AB2}.Release|Any CPU.ActiveCfg = Release|Any CPU
		{A053CE79-D437-4184-8617-3A2993067AB2}.Release|Any CPU.Build.0 = Release|Any CPU
		{A6DBA2C1-09E8-4878-8F2D-F4F6CC96E86A}.Debug|Any CPU.ActiveCfg = Debug|Any CPU
		{A6DBA2C1-09E8-4878-8F2D-F4F6CC96E86A}.Debug|Any CPU.Build.0 = Debug|Any CPU
		{A6DBA2C1-09E8-4878-8F2D-F4F6CC96E86A}.Release|Any CPU.ActiveCfg = Release|Any CPU
		{A6DBA2C1-09E8-4878-8F2D-F4F6CC96E86A}.Release|Any CPU.Build.0 = Release|Any CPU
		{3FEF1958-0793-43E7-AC53-1C4E051B0486}.Debug|Any CPU.ActiveCfg = Debug|Any CPU
		{3FEF1958-0793-43E7-AC53-1C4E051B0486}.Debug|Any CPU.Build.0 = Debug|Any CPU
		{3FEF1958-0793-43E7-AC53-1C4E051B0486}.Release|Any CPU.ActiveCfg = Release|Any CPU
		{3FEF1958-0793-43E7-AC53-1C4E051B0486}.Release|Any CPU.Build.0 = Release|Any CPU
		{E1C8CD39-EA8A-4479-BDED-5537056472E8}.Debug|Any CPU.ActiveCfg = Debug|Any CPU
		{E1C8CD39-EA8A-4479-BDED-5537056472E8}.Debug|Any CPU.Build.0 = Debug|Any CPU
		{E1C8CD39-EA8A-4479-BDED-5537056472E8}.Release|Any CPU.ActiveCfg = Release|Any CPU
		{E1C8CD39-EA8A-4479-BDED-5537056472E8}.Release|Any CPU.Build.0 = Release|Any CPU
		{A3942859-E546-49EF-8D8B-7666A0FF258A}.Debug|Any CPU.ActiveCfg = Debug|Any CPU
		{A3942859-E546-49EF-8D8B-7666A0FF258A}.Debug|Any CPU.Build.0 = Debug|Any CPU
		{A3942859-E546-49EF-8D8B-7666A0FF258A}.Release|Any CPU.ActiveCfg = Release|Any CPU
		{A3942859-E546-49EF-8D8B-7666A0FF258A}.Release|Any CPU.Build.0 = Release|Any CPU
		{8A04F627-2967-4BBE-8B0D-18362C98DE4A}.Debug|Any CPU.ActiveCfg = Debug|Any CPU
		{8A04F627-2967-4BBE-8B0D-18362C98DE4A}.Debug|Any CPU.Build.0 = Debug|Any CPU
		{8A04F627-2967-4BBE-8B0D-18362C98DE4A}.Release|Any CPU.ActiveCfg = Release|Any CPU
		{8A04F627-2967-4BBE-8B0D-18362C98DE4A}.Release|Any CPU.Build.0 = Release|Any CPU
		{B896C4B3-8501-4ED8-9FB9-DFE14E53F229}.Debug|Any CPU.ActiveCfg = Debug|Any CPU
		{B896C4B3-8501-4ED8-9FB9-DFE14E53F229}.Debug|Any CPU.Build.0 = Debug|Any CPU
		{B896C4B3-8501-4ED8-9FB9-DFE14E53F229}.Release|Any CPU.ActiveCfg = Release|Any CPU
		{B896C4B3-8501-4ED8-9FB9-DFE14E53F229}.Release|Any CPU.Build.0 = Release|Any CPU
		{46A0D413-EBF5-4E4A-A272-611F746E7FF1}.Debug|Any CPU.ActiveCfg = Debug|Any CPU
		{46A0D413-EBF5-4E4A-A272-611F746E7FF1}.Debug|Any CPU.Build.0 = Debug|Any CPU
		{46A0D413-EBF5-4E4A-A272-611F746E7FF1}.Release|Any CPU.ActiveCfg = Release|Any CPU
		{46A0D413-EBF5-4E4A-A272-611F746E7FF1}.Release|Any CPU.Build.0 = Release|Any CPU
		{05CB7F42-E1FA-4DDF-AAB5-E2E24AE9DB44}.Debug|Any CPU.ActiveCfg = Debug|Any CPU
		{05CB7F42-E1FA-4DDF-AAB5-E2E24AE9DB44}.Debug|Any CPU.Build.0 = Debug|Any CPU
		{05CB7F42-E1FA-4DDF-AAB5-E2E24AE9DB44}.Release|Any CPU.ActiveCfg = Release|Any CPU
		{05CB7F42-E1FA-4DDF-AAB5-E2E24AE9DB44}.Release|Any CPU.Build.0 = Release|Any CPU
		{E3CF638B-552D-4617-9A03-EBF915DA8274}.Debug|Any CPU.ActiveCfg = Debug|Any CPU
		{E3CF638B-552D-4617-9A03-EBF915DA8274}.Debug|Any CPU.Build.0 = Debug|Any CPU
		{E3CF638B-552D-4617-9A03-EBF915DA8274}.Release|Any CPU.ActiveCfg = Release|Any CPU
		{E3CF638B-552D-4617-9A03-EBF915DA8274}.Release|Any CPU.Build.0 = Release|Any CPU
		{21A9110A-EDC7-4508-9BC8-FE7B9360F500}.Debug|Any CPU.ActiveCfg = Debug|Any CPU
		{21A9110A-EDC7-4508-9BC8-FE7B9360F500}.Debug|Any CPU.Build.0 = Debug|Any CPU
		{21A9110A-EDC7-4508-9BC8-FE7B9360F500}.Release|Any CPU.ActiveCfg = Release|Any CPU
		{21A9110A-EDC7-4508-9BC8-FE7B9360F500}.Release|Any CPU.Build.0 = Release|Any CPU
		{373D5954-11B4-4CAF-831B-891C008F93C8}.Debug|Any CPU.ActiveCfg = Debug|Any CPU
		{373D5954-11B4-4CAF-831B-891C008F93C8}.Debug|Any CPU.Build.0 = Debug|Any CPU
		{373D5954-11B4-4CAF-831B-891C008F93C8}.Release|Any CPU.ActiveCfg = Release|Any CPU
		{373D5954-11B4-4CAF-831B-891C008F93C8}.Release|Any CPU.Build.0 = Release|Any CPU
		{1ABE0636-8894-4D08-B5B1-AF4944098B11}.Debug|Any CPU.ActiveCfg = Debug|Any CPU
		{1ABE0636-8894-4D08-B5B1-AF4944098B11}.Debug|Any CPU.Build.0 = Debug|Any CPU
		{1ABE0636-8894-4D08-B5B1-AF4944098B11}.Release|Any CPU.ActiveCfg = Release|Any CPU
		{1ABE0636-8894-4D08-B5B1-AF4944098B11}.Release|Any CPU.Build.0 = Release|Any CPU
		{DCF44089-3609-40E2-8B7C-DC6A3FE835A1}.Debug|Any CPU.ActiveCfg = Debug|Any CPU
		{DCF44089-3609-40E2-8B7C-DC6A3FE835A1}.Debug|Any CPU.Build.0 = Debug|Any CPU
		{DCF44089-3609-40E2-8B7C-DC6A3FE835A1}.Release|Any CPU.ActiveCfg = Release|Any CPU
		{DCF44089-3609-40E2-8B7C-DC6A3FE835A1}.Release|Any CPU.Build.0 = Release|Any CPU
		{BB15EF7C-EF5B-4907-A131-FBDD8DE95FD2}.Debug|Any CPU.ActiveCfg = Debug|Any CPU
		{BB15EF7C-EF5B-4907-A131-FBDD8DE95FD2}.Debug|Any CPU.Build.0 = Debug|Any CPU
		{BB15EF7C-EF5B-4907-A131-FBDD8DE95FD2}.Release|Any CPU.ActiveCfg = Release|Any CPU
		{BB15EF7C-EF5B-4907-A131-FBDD8DE95FD2}.Release|Any CPU.Build.0 = Release|Any CPU
		{7299E92C-36DA-4577-8421-8BFB70E433C6}.Debug|Any CPU.ActiveCfg = Debug|Any CPU
		{7299E92C-36DA-4577-8421-8BFB70E433C6}.Debug|Any CPU.Build.0 = Debug|Any CPU
		{7299E92C-36DA-4577-8421-8BFB70E433C6}.Release|Any CPU.ActiveCfg = Release|Any CPU
		{7299E92C-36DA-4577-8421-8BFB70E433C6}.Release|Any CPU.Build.0 = Release|Any CPU
		{9E799F80-704C-4C00-9E21-B0D0B3EC790A}.Debug|Any CPU.ActiveCfg = Debug|Any CPU
		{9E799F80-704C-4C00-9E21-B0D0B3EC790A}.Debug|Any CPU.Build.0 = Debug|Any CPU
		{9E799F80-704C-4C00-9E21-B0D0B3EC790A}.Release|Any CPU.ActiveCfg = Release|Any CPU
		{9E799F80-704C-4C00-9E21-B0D0B3EC790A}.Release|Any CPU.Build.0 = Release|Any CPU
		{3905F569-9DB7-4E9D-9B77-2189CAC12BAA}.Debug|Any CPU.ActiveCfg = Debug|Any CPU
		{3905F569-9DB7-4E9D-9B77-2189CAC12BAA}.Debug|Any CPU.Build.0 = Debug|Any CPU
		{3905F569-9DB7-4E9D-9B77-2189CAC12BAA}.Release|Any CPU.ActiveCfg = Release|Any CPU
		{3905F569-9DB7-4E9D-9B77-2189CAC12BAA}.Release|Any CPU.Build.0 = Release|Any CPU
		{F17CD436-C94C-4CE4-8A33-766762ECD330}.Debug|Any CPU.ActiveCfg = Debug|Any CPU
		{F17CD436-C94C-4CE4-8A33-766762ECD330}.Debug|Any CPU.Build.0 = Debug|Any CPU
		{F17CD436-C94C-4CE4-8A33-766762ECD330}.Release|Any CPU.ActiveCfg = Release|Any CPU
		{F17CD436-C94C-4CE4-8A33-766762ECD330}.Release|Any CPU.Build.0 = Release|Any CPU
		{2BCC1CB3-8E94-4A22-BCE8-D4CF115B9A58}.Debug|Any CPU.ActiveCfg = Debug|Any CPU
		{2BCC1CB3-8E94-4A22-BCE8-D4CF115B9A58}.Debug|Any CPU.Build.0 = Debug|Any CPU
		{2BCC1CB3-8E94-4A22-BCE8-D4CF115B9A58}.Release|Any CPU.ActiveCfg = Release|Any CPU
		{2BCC1CB3-8E94-4A22-BCE8-D4CF115B9A58}.Release|Any CPU.Build.0 = Release|Any CPU
		{9ED2BD1C-426C-49DB-8EDC-8BAC66C66B93}.Debug|Any CPU.ActiveCfg = Debug|Any CPU
		{9ED2BD1C-426C-49DB-8EDC-8BAC66C66B93}.Debug|Any CPU.Build.0 = Debug|Any CPU
		{9ED2BD1C-426C-49DB-8EDC-8BAC66C66B93}.Release|Any CPU.ActiveCfg = Release|Any CPU
		{9ED2BD1C-426C-49DB-8EDC-8BAC66C66B93}.Release|Any CPU.Build.0 = Release|Any CPU
		{4DB86789-7612-4278-8061-D3C80BDAD13C}.Debug|Any CPU.ActiveCfg = Debug|Any CPU
		{4DB86789-7612-4278-8061-D3C80BDAD13C}.Debug|Any CPU.Build.0 = Debug|Any CPU
		{4DB86789-7612-4278-8061-D3C80BDAD13C}.Release|Any CPU.ActiveCfg = Release|Any CPU
		{4DB86789-7612-4278-8061-D3C80BDAD13C}.Release|Any CPU.Build.0 = Release|Any CPU
		{D2E7A866-645D-4AB1-A269-42F8A5DCBBC0}.Debug|Any CPU.ActiveCfg = Debug|Any CPU
		{D2E7A866-645D-4AB1-A269-42F8A5DCBBC0}.Debug|Any CPU.Build.0 = Debug|Any CPU
		{D2E7A866-645D-4AB1-A269-42F8A5DCBBC0}.Release|Any CPU.ActiveCfg = Release|Any CPU
		{D2E7A866-645D-4AB1-A269-42F8A5DCBBC0}.Release|Any CPU.Build.0 = Release|Any CPU
		{F09F73A8-3F15-4537-BCE0-17F2D7F46C81}.Debug|Any CPU.ActiveCfg = Debug|Any CPU
		{F09F73A8-3F15-4537-BCE0-17F2D7F46C81}.Debug|Any CPU.Build.0 = Debug|Any CPU
		{F09F73A8-3F15-4537-BCE0-17F2D7F46C81}.Release|Any CPU.ActiveCfg = Release|Any CPU
		{F09F73A8-3F15-4537-BCE0-17F2D7F46C81}.Release|Any CPU.Build.0 = Release|Any CPU
		{4D818F9A-5770-4165-8F80-E07E602BDA5B}.Debug|Any CPU.ActiveCfg = Debug|Any CPU
		{4D818F9A-5770-4165-8F80-E07E602BDA5B}.Debug|Any CPU.Build.0 = Debug|Any CPU
		{4D818F9A-5770-4165-8F80-E07E602BDA5B}.Release|Any CPU.ActiveCfg = Release|Any CPU
		{4D818F9A-5770-4165-8F80-E07E602BDA5B}.Release|Any CPU.Build.0 = Release|Any CPU
		{661E9849-5181-4089-82A9-2627A2048E28}.Debug|Any CPU.ActiveCfg = Debug|Any CPU
		{661E9849-5181-4089-82A9-2627A2048E28}.Debug|Any CPU.Build.0 = Debug|Any CPU
		{661E9849-5181-4089-82A9-2627A2048E28}.Release|Any CPU.ActiveCfg = Release|Any CPU
		{661E9849-5181-4089-82A9-2627A2048E28}.Release|Any CPU.Build.0 = Release|Any CPU
		{2DEAD549-7F00-4699-B613-9AAA6E5F083C}.Debug|Any CPU.ActiveCfg = Debug|Any CPU
		{2DEAD549-7F00-4699-B613-9AAA6E5F083C}.Debug|Any CPU.Build.0 = Debug|Any CPU
		{2DEAD549-7F00-4699-B613-9AAA6E5F083C}.Release|Any CPU.ActiveCfg = Release|Any CPU
		{2DEAD549-7F00-4699-B613-9AAA6E5F083C}.Release|Any CPU.Build.0 = Release|Any CPU
		{50824192-FC8B-4773-8844-B957CF9D6800}.Debug|Any CPU.ActiveCfg = Debug|Any CPU
		{50824192-FC8B-4773-8844-B957CF9D6800}.Debug|Any CPU.Build.0 = Debug|Any CPU
		{50824192-FC8B-4773-8844-B957CF9D6800}.Release|Any CPU.ActiveCfg = Release|Any CPU
		{50824192-FC8B-4773-8844-B957CF9D6800}.Release|Any CPU.Build.0 = Release|Any CPU
		{79CE4D14-4021-42F8-BD94-20102A54A13D}.Debug|Any CPU.ActiveCfg = Debug|Any CPU
		{79CE4D14-4021-42F8-BD94-20102A54A13D}.Debug|Any CPU.Build.0 = Debug|Any CPU
		{79CE4D14-4021-42F8-BD94-20102A54A13D}.Release|Any CPU.ActiveCfg = Release|Any CPU
		{79CE4D14-4021-42F8-BD94-20102A54A13D}.Release|Any CPU.Build.0 = Release|Any CPU
		{15A945BA-A1BE-40EB-BF8C-AF1580246330}.Debug|Any CPU.ActiveCfg = Debug|Any CPU
		{15A945BA-A1BE-40EB-BF8C-AF1580246330}.Debug|Any CPU.Build.0 = Debug|Any CPU
		{15A945BA-A1BE-40EB-BF8C-AF1580246330}.Release|Any CPU.ActiveCfg = Release|Any CPU
		{15A945BA-A1BE-40EB-BF8C-AF1580246330}.Release|Any CPU.Build.0 = Release|Any CPU
		{491A7286-ACE7-4471-AA45-9E3149A8598A}.Debug|Any CPU.ActiveCfg = Debug|Any CPU
		{491A7286-ACE7-4471-AA45-9E3149A8598A}.Debug|Any CPU.Build.0 = Debug|Any CPU
		{491A7286-ACE7-4471-AA45-9E3149A8598A}.Release|Any CPU.ActiveCfg = Release|Any CPU
		{491A7286-ACE7-4471-AA45-9E3149A8598A}.Release|Any CPU.Build.0 = Release|Any CPU
		{B1DBA37E-5DC2-489C-87A7-4980D789B66E}.Debug|Any CPU.ActiveCfg = Debug|Any CPU
		{B1DBA37E-5DC2-489C-87A7-4980D789B66E}.Debug|Any CPU.Build.0 = Debug|Any CPU
		{B1DBA37E-5DC2-489C-87A7-4980D789B66E}.Release|Any CPU.ActiveCfg = Release|Any CPU
		{B1DBA37E-5DC2-489C-87A7-4980D789B66E}.Release|Any CPU.Build.0 = Release|Any CPU
		{CF5C6CBD-6835-4BA5-BB2B-109C8D6471FF}.Debug|Any CPU.ActiveCfg = Debug|Any CPU
		{CF5C6CBD-6835-4BA5-BB2B-109C8D6471FF}.Debug|Any CPU.Build.0 = Debug|Any CPU
		{CF5C6CBD-6835-4BA5-BB2B-109C8D6471FF}.Release|Any CPU.ActiveCfg = Release|Any CPU
		{CF5C6CBD-6835-4BA5-BB2B-109C8D6471FF}.Release|Any CPU.Build.0 = Release|Any CPU
		{6CF2D4D0-2C0C-42E3-BC42-1D7DB9E12F87}.Debug|Any CPU.ActiveCfg = Debug|Any CPU
		{6CF2D4D0-2C0C-42E3-BC42-1D7DB9E12F87}.Debug|Any CPU.Build.0 = Debug|Any CPU
		{6CF2D4D0-2C0C-42E3-BC42-1D7DB9E12F87}.Release|Any CPU.ActiveCfg = Release|Any CPU
		{6CF2D4D0-2C0C-42E3-BC42-1D7DB9E12F87}.Release|Any CPU.Build.0 = Release|Any CPU
		{9F79C78A-3634-47DE-A32B-E880A4CA3117}.Debug|Any CPU.ActiveCfg = Debug|Any CPU
		{9F79C78A-3634-47DE-A32B-E880A4CA3117}.Debug|Any CPU.Build.0 = Debug|Any CPU
		{9F79C78A-3634-47DE-A32B-E880A4CA3117}.Release|Any CPU.ActiveCfg = Release|Any CPU
		{9F79C78A-3634-47DE-A32B-E880A4CA3117}.Release|Any CPU.Build.0 = Release|Any CPU
		{E3CF9ABA-D14A-4415-957E-EBC9015480DF}.Debug|Any CPU.ActiveCfg = Debug|Any CPU
		{E3CF9ABA-D14A-4415-957E-EBC9015480DF}.Debug|Any CPU.Build.0 = Debug|Any CPU
		{E3CF9ABA-D14A-4415-957E-EBC9015480DF}.Release|Any CPU.ActiveCfg = Release|Any CPU
		{E3CF9ABA-D14A-4415-957E-EBC9015480DF}.Release|Any CPU.Build.0 = Release|Any CPU
		{13CA2364-917A-4B6E-8B15-8E378E0C3031}.Debug|Any CPU.ActiveCfg = Debug|Any CPU
		{13CA2364-917A-4B6E-8B15-8E378E0C3031}.Debug|Any CPU.Build.0 = Debug|Any CPU
		{13CA2364-917A-4B6E-8B15-8E378E0C3031}.Release|Any CPU.ActiveCfg = Release|Any CPU
		{13CA2364-917A-4B6E-8B15-8E378E0C3031}.Release|Any CPU.Build.0 = Release|Any CPU
		{2FC2F0D6-90DA-46CB-A546-28F683096AE1}.Debug|Any CPU.ActiveCfg = Debug|Any CPU
		{2FC2F0D6-90DA-46CB-A546-28F683096AE1}.Debug|Any CPU.Build.0 = Debug|Any CPU
		{2FC2F0D6-90DA-46CB-A546-28F683096AE1}.Release|Any CPU.ActiveCfg = Release|Any CPU
		{2FC2F0D6-90DA-46CB-A546-28F683096AE1}.Release|Any CPU.Build.0 = Release|Any CPU
		{F0A9026B-8A2D-41F6-803F-2E6DBACC364C}.Debug|Any CPU.ActiveCfg = Debug|Any CPU
		{F0A9026B-8A2D-41F6-803F-2E6DBACC364C}.Debug|Any CPU.Build.0 = Debug|Any CPU
		{F0A9026B-8A2D-41F6-803F-2E6DBACC364C}.Release|Any CPU.ActiveCfg = Release|Any CPU
		{F0A9026B-8A2D-41F6-803F-2E6DBACC364C}.Release|Any CPU.Build.0 = Release|Any CPU
		{33BC735E-6607-4BF0-A5CD-1E3984BC7FEA}.Debug|Any CPU.ActiveCfg = Debug|Any CPU
		{33BC735E-6607-4BF0-A5CD-1E3984BC7FEA}.Debug|Any CPU.Build.0 = Debug|Any CPU
		{33BC735E-6607-4BF0-A5CD-1E3984BC7FEA}.Release|Any CPU.ActiveCfg = Release|Any CPU
		{33BC735E-6607-4BF0-A5CD-1E3984BC7FEA}.Release|Any CPU.Build.0 = Release|Any CPU
		{34E42A98-3088-4AA4-94DE-B6E215F89DFF}.Debug|Any CPU.ActiveCfg = Debug|Any CPU
		{34E42A98-3088-4AA4-94DE-B6E215F89DFF}.Debug|Any CPU.Build.0 = Debug|Any CPU
		{34E42A98-3088-4AA4-94DE-B6E215F89DFF}.Release|Any CPU.ActiveCfg = Release|Any CPU
		{34E42A98-3088-4AA4-94DE-B6E215F89DFF}.Release|Any CPU.Build.0 = Release|Any CPU
	EndGlobalSection
	GlobalSection(SolutionProperties) = preSolution
		HideSolutionNode = FALSE
	EndGlobalSection
	GlobalSection(ExtensibilityGlobals) = postSolution
		SolutionGuid = {EF1009A9-F376-4D6C-9266-CBBAEA7D2156}
	EndGlobalSection
EndGlobal
